
Microsoft Visual Studio Solution File, Format Version 10.00
# Visual Studio 2008
Project("{FAE04EC0-301F-11D3-BF4B-00C04F79EFBC}") = "comex-qt", "comex-qt\comex-qt.csproj", "{E52A7737-09A0-41F6-AA8A-5952EFAC78DA}"
EndProject
Global
	GlobalSection(SolutionConfigurationPlatforms) = preSolution
		Debug|x86 = Debug|x86
		Release|x86 = Release|x86
	EndGlobalSection
	GlobalSection(ProjectConfigurationPlatforms) = postSolution
		{E52A7737-09A0-41F6-AA8A-5952EFAC78DA}.Debug|x86.ActiveCfg = Debug|x86
		{E52A7737-09A0-41F6-AA8A-5952EFAC78DA}.Debug|x86.Build.0 = Debug|x86
		{E52A7737-09A0-41F6-AA8A-5952EFAC78DA}.Release|x86.ActiveCfg = Release|x86
		{E52A7737-09A0-41F6-AA8A-5952EFAC78DA}.Release|x86.Build.0 = Release|x86
		{8264E480-3956-4B26-9237-D63A0C856206}.Debug|x86.ActiveCfg = Debug|x86
		{8264E480-3956-4B26-9237-D63A0C856206}.Debug|x86.Build.0 = Debug|x86
		{8264E480-3956-4B26-9237-D63A0C856206}.Release|x86.ActiveCfg = Release|x86
		{8264E480-3956-4B26-9237-D63A0C856206}.Release|x86.Build.0 = Release|x86
	EndGlobalSection
	GlobalSection(MonoDevelopProperties) = preSolution
		StartupItem = comex-qt\comex-qt.csproj
		Policies = $0
		$0.StandardHeader = $1
		$1.Text = 
		$1.IncludeInNewFiles = True
		$0.VersionControlPolicy = $2
		$2.inheritsSet = Mono
		$0.ChangeLogPolicy = $3
		$3.UpdateMode = ProjectRoot
		$3.MessageStyle = $4
		$4.LineAlign = 0
		$3.inheritsSet = Mono
		$0.TextStylePolicy = $5
		$5.inheritsSet = null
		$5.scope = text/x-csharp
		$0.CSharpFormattingPolicy = $6
		$6.inheritsSet = Mono
		$6.inheritsScope = text/x-csharp
		$6.scope = text/x-csharp
		description = QT ui for comex core component
		version = 0.1.6.2
	EndGlobalSection
EndGlobal
